
Microsoft Visual Studio Solution File, Format Version 12.00
# Visual Studio Version 16
VisualStudioVersion = 16.0.28803.202
MinimumVisualStudioVersion = 10.0.40219.1
Project("{FAE04EC0-301F-11D3-BF4B-00C04F79EFBC}") = "Calculator", "Calculator\Calculator.csproj", "{579641A5-D2EE-4BC4-A3A8-DD8BFA0D717B}"
EndProject
Global
	GlobalSection(SolutionConfigurationPlatforms) = preSolution
		Debug|Any CPU = Debug|Any CPU
		Release|Any CPU = Release|Any CPU
	EndGlobalSection
	GlobalSection(ProjectConfigurationPlatforms) = postSolution
		{579641A5-D2EE-4BC4-A3A8-DD8BFA0D717B}.Debug|Any CPU.ActiveCfg = Debug|Any CPU
		{579641A5-D2EE-4BC4-A3A8-DD8BFA0D717B}.Debug|Any CPU.Build.0 = Debug|Any CPU
		{579641A5-D2EE-4BC4-A3A8-DD8BFA0D717B}.Release|Any CPU.ActiveCfg = Release|Any CPU
		{579641A5-D2EE-4BC4-A3A8-DD8BFA0D717B}.Release|Any CPU.Build.0 = Release|Any CPU
	EndGlobalSection
	GlobalSection(SolutionProperties) = preSolution
		HideSolutionNode = FALSE
	EndGlobalSection
	GlobalSection(ExtensibilityGlobals) = postSolution
		SolutionGuid = {6DEE859A-C06C-4B5C-A440-F4847AC2DD08}
	EndGlobalSection
EndGlobal
